{
  "name": "@px-petals/org.agents",
  "version": "1.3.0",
  "lockfileVersion": 3,
  "requires": true,
  "packages": {
    "": {
      "name": "@px-petals/org.agents",
      "version": "1.3.0",
      "workspaces": [
        "packages/*",
        "utils/*"
      ],
      "devDependencies": {
        "@px-petals/metapak-dependencies": "github:pixel-petals/.dependencies",
        "@px-petals/tools.packager": "github:pixel-petals/tools.packager",
        "metapak": "7.1.1"
      }
    },
    "node_modules/@package/response-style-direct": {
      "resolved": "packages/response-style-direct",
      "link": true
    },
    "node_modules/@package/rules-code": {
      "resolved": "packages/rules-code",
      "link": true
    },
    "node_modules/@package/rules-git": {
      "resolved": "packages/rules-git",
      "link": true
    },
    "node_modules/@package/skills-monorepo": {
      "resolved": "packages/skills-monorepo",
      "link": true
    },
    "node_modules/@package/skills-roku": {
      "resolved": "packages/skills-roku",
      "link": true
    },
    "node_modules/@px-petals/metapak-dependencies": {
      "version": "0.1.0",
      "resolved": "git+ssh://git@github.com/pixel-petals/.dependencies.git#99cff174becfe3d431b1e10df06941752c9ba5bc",
      "dev": true,
      "bin": {
        "metapak-px": "src/cli/metapak.js"
      },
      "engines": {
        "node": ">=24.14.0"
      },
      "peerDependencies": {
        "metapak": "^7.1.1"
      }
    },
    "node_modules/@px-petals/tools.packager": {
      "version": "0.1.0",
      "resolved": "git+ssh://git@github.com/pixel-petals/tools.packager.git#20908437ea066401378666f5305c1324caa34d50",
      "dev": true,
      "dependencies": {
        "bin-links": "7.0.0",
        "semver": "7.8.5"
      },
      "bin": {
        "packager": "src/packages/local/src/cli.js"
      },
      "engines": {
        "node": ">=24"
      }
    },
    "node_modules/@util/version": {
      "resolved": "utils/version",
      "link": true
    },
    "node_modules/application-services": {
      "version": "9.2.0",
      "resolved": "https://registry.npmjs.org/application-services/-/application-services-9.2.0.tgz",
      "integrity": "sha512-XDhwSxuc0J04f98hcCmx4AOHHoiDBEjb2kSz0nc0H/V6nti4RgQxT8rRu/BVwZYStdlv4L78FZkAWssg20/1QQ==",
      "dev": true,
      "license": "MIT",
      "dependencies": {
        "common-services": "^20.1.0",
        "dotenv": "^17.4.2",
        "knifecycle": "^21.4.0",
        "package-directory": "^8.2.0",
        "yerror": "^11.0.0"
      },
      "engines": {
        "node": ">=24.14.0"
      },
      "funding": {
        "type": "individual",
        "url": "https://github.com/sponsors/nfroidure"
      }
    },
    "node_modules/balanced-match": {
      "version": "4.0.4",
      "resolved": "https://registry.npmjs.org/balanced-match/-/balanced-match-4.0.4.tgz",
      "integrity": "sha512-BLrgEcRTwX2o6gGxGOCNyMvGSp35YofuYzw9h1IMTRmKqttAZZVU67bdb9Pr2vUHA8+j3i2tJfjO6C6+4myGTA==",
      "dev": true,
      "license": "MIT",
      "engines": {
        "node": "18 || 20 || >=22"
      }
    },
    "node_modules/bin-links": {
      "version": "7.0.0",
      "resolved": "https://registry.npmjs.org/bin-links/-/bin-links-7.0.0.tgz",
      "integrity": "sha512-kEk4UROE3064ebMhwmW1qx5BFSBWzmqMe0UwUzn5gsbDyXHmqMUSO8MW6sieYNiRJsindpdnjg4U0D9iXUkIxQ==",
      "dev": true,
      "license": "ISC",
      "dependencies": {
        "cmd-shim": "^9.0.0",
        "npm-normalize-package-bin": "^6.0.0",
        "proc-log": "^7.0.0",
        "read-cmd-shim": "^7.0.0",
        "write-file-atomic": "^8.0.0"
      },
      "engines": {
        "node": "^22.22.2 || ^24.15.0 || >=26.0.0"
      }
    },
    "node_modules/brace-expansion": {
      "version": "5.0.12",
      "resolved": "https://registry.npmjs.org/brace-expansion/-/brace-expansion-5.0.12.tgz",
      "integrity": "sha512-YovQ3rzhaLMIrDjNDMkNS01tea93qhEhG5xy8f6+R0l+dw3Ki+5sCoIoI942iuLZTHWogWktgwVDhU09iNEimQ==",
      "dev": true,
      "license": "MIT",
      "dependencies": {
        "balanced-match": "^4.0.2"
      },
      "engines": {
        "node": "20 || >=22"
      }
    },
    "node_modules/chalk": {
      "version": "5.6.2",
      "resolved": "https://registry.npmjs.org/chalk/-/chalk-5.6.2.tgz",
      "integrity": "sha512-7NzBL0rN6fMUW+f7A6Io4h40qQlG+xGmtMxfbnH/K7TAtt8JQWVQK+6g0UXKMeVJoyV5EkkNsErQ8pVD3bLHbA==",
      "dev": true,
      "license": "MIT",
      "engines": {
        "node": "^12.17.0 || ^14.13 || >=16.0.0"
      },
      "funding": {
        "url": "https://github.com/chalk/chalk?sponsor=1"
      }
    },
    "node_modules/cmd-shim": {
      "version": "9.0.2",
      "resolved": "https://registry.npmjs.org/cmd-shim/-/cmd-shim-9.0.2.tgz",
      "integrity": "sha512-xVHoI+wNrM4tDB9iC1idf/8D0tYnVimlBp/5zHW+x1sGjjRD69NvR9th3Z1JAYGN/BTW4he6aZFYV6kzy+k+jw==",
      "dev": true,
      "license": "ISC",
      "engines": {
        "node": "^22.22.2 || ^24.15.0 || >=26.0.0"
      }
    },
    "node_modules/commander": {
      "version": "14.0.3",
      "resolved": "https://registry.npmjs.org/commander/-/commander-14.0.3.tgz",
      "integrity": "sha512-H+y0Jo/T1RZ9qPP4Eh1pkcQcLRglraJaSLoyOtHxu6AapkjWVCy2Sit1QQ4x3Dng8qDlSsZEet7g5Pq06MvTgw==",
      "dev": true,
      "license": "MIT",
      "engines": {
        "node": ">=20"
      }
    },
    "node_modules/common-services": {
      "version": "20.1.0",
      "resolved": "https://registry.npmjs.org/common-services/-/common-services-20.1.0.tgz",
      "integrity": "sha512-obJhJxjWhc+GNE2XQUyjkhusrJBUOTllS7G9kLhE6KW+anSOhFXdhLXQWWmTEgMNJDa0vVG541TF1Lm4HsWjXQ==",
      "dev": true,
      "license": "MIT",
      "dependencies": {
        "knifecycle": "^21.4.0",
        "type-fest": "^5.8.0",
        "yerror": "^11.0.0"
      },
      "engines": {
        "node": ">=24.14.0"
      },
      "funding": {
        "type": "individual",
        "url": "https://github.com/sponsors/nfroidure"
      }
    },
    "node_modules/debug": {
      "version": "4.4.3",
      "resolved": "https://registry.npmjs.org/debug/-/debug-4.4.3.tgz",
      "integrity": "sha512-RGwwWnwQvkVfavKVt22FGLw+xYSdzARwm0ru6DhTVA3umU5hZc28V3kO4stgYryrTlLpuvgI9GiijltAjNbcqA==",
      "dev": true,
      "license": "MIT",
      "dependencies": {
        "ms": "^2.1.3"
      },
      "engines": {
        "node": ">=6.0"
      },
      "peerDependenciesMeta": {
        "supports-color": {
          "optional": true
        }
      }
    },
    "node_modules/diff": {
      "version": "9.0.0",
      "resolved": "https://registry.npmjs.org/diff/-/diff-9.0.0.tgz",
      "integrity": "sha512-svtcdpS8CgJyqAjEQIXdb3OjhFVVYjzGAPO8WGCmRbrml64SPw/jJD4GoE98aR7r25A0XcgrK3F02yw9R/vhQw==",
      "dev": true,
      "license": "BSD-3-Clause",
      "engines": {
        "node": ">=0.3.1"
      }
    },
    "node_modules/dotenv": {
      "version": "17.4.2",
      "resolved": "https://registry.npmjs.org/dotenv/-/dotenv-17.4.2.tgz",
      "integrity": "sha512-nI4U3TottKAcAD9LLud4Cb7b2QztQMUEfHbvhTH09bqXTxnSie8WnjPALV/WMCrJZ6UV/qHJ6L03OqO3LcdYZw==",
      "dev": true,
      "license": "BSD-2-Clause",
      "engines": {
        "node": ">=12"
      },
      "funding": {
        "url": "https://dotenvx.com"
      }
    },
    "node_modules/find-up-simple": {
      "version": "1.0.1",
      "resolved": "https://registry.npmjs.org/find-up-simple/-/find-up-simple-1.0.1.tgz",
      "integrity": "sha512-afd4O7zpqHeRyg4PfDQsXmlDe2PfdHtJt6Akt8jOWaApLOZk5JXs6VMR29lz03pRe9mpykrRCYIYxaJYcfpncQ==",
      "dev": true,
      "license": "MIT",
      "engines": {
        "node": ">=18"
      },
      "funding": {
        "url": "https://github.com/sponsors/sindresorhus"
      }
    },
    "node_modules/glob": {
      "version": "13.0.6",
      "resolved": "https://registry.npmjs.org/glob/-/glob-13.0.6.tgz",
      "integrity": "sha512-Wjlyrolmm8uDpm/ogGyXZXb1Z+Ca2B8NbJwqBVg0axK9GbBeoS7yGV6vjXnYdGm6X53iehEuxxbyiKp8QmN4Vw==",
      "dev": true,
      "license": "BlueOak-1.0.0",
      "dependencies": {
        "minimatch": "^10.2.2",
        "minipass": "^7.1.3",
        "path-scurry": "^2.0.2"
      },
      "engines": {
        "node": "18 || 20 || >=22"
      },
      "funding": {
        "url": "https://github.com/sponsors/isaacs"
      }
    },
    "node_modules/is-plain-obj": {
      "version": "4.1.0",
      "resolved": "https://registry.npmjs.org/is-plain-obj/-/is-plain-obj-4.1.0.tgz",
      "integrity": "sha512-+Pgi+vMuUNkJyExiMBt5IlFoMyKnr5zhJ4Uspz58WOhBF5QoIZkFyNHIbBAtHwzVAgk5RtndVNsDRN61/mmDqg==",
      "dev": true,
      "license": "MIT",
      "engines": {
        "node": ">=12"
      },
      "funding": {
        "url": "https://github.com/sponsors/sindresorhus"
      }
    },
    "node_modules/knifecycle": {
      "version": "21.4.0",
      "resolved": "https://registry.npmjs.org/knifecycle/-/knifecycle-21.4.0.tgz",
      "integrity": "sha512-g+4KcsauYTA+4+mMYicESx98uUBdRAJ4tJR/0/cnKgj27HCiVEmpsX+PYWcDHduzI7lBlYOd4sV1RAHirF4vJw==",
      "dev": true,
      "license": "MIT",
      "dependencies": {
        "debug": "^4.4.3",
        "yerror": "^11.0.0"
      },
      "engines": {
        "node": ">=24.14.0"
      },
      "funding": {
        "type": "individual",
        "url": "https://github.com/sponsors/nfroidure"
      }
    },
    "node_modules/lru-cache": {
      "version": "11.5.3",
      "resolved": "https://registry.npmjs.org/lru-cache/-/lru-cache-11.5.3.tgz",
      "integrity": "sha512-U4N8FgzmWxc8k1VH8Kr6lQg18U7Fjvby6wXHVRX/ZZ7IwWbRMgrRbP0Wrb5q5NVinryp4SQampHKdvtecItxUg==",
      "dev": true,
      "license": "BlueOak-1.0.0",
      "engines": {
        "node": "20 || >=22"
      }
    },
    "node_modules/metapak": {
      "version": "7.1.1",
      "resolved": "https://registry.npmjs.org/metapak/-/metapak-7.1.1.tgz",
      "integrity": "sha512-1COTRiTokASmlqJSq3+Vf9Q36WMy+JhojUl50UeTDLD4mpYkWvy7Fa06//OwvbJYaxVQWOU0xeM49LON9p6QZA==",
      "dev": true,
      "license": "MIT",
      "dependencies": {
        "application-services": "^9.0.1",
        "chalk": "^5.6.2",
        "commander": "^14.0.3",
        "common-services": "^20.0.0",
        "debug": "^4.4.3",
        "diff": "^9.0.0",
        "glob": "^13.0.6",
        "knifecycle": "^21.1.0",
        "mkdirp": "^3.0.1",
        "sort-keys": "^6.0.0",
        "type-fest": "^5.6.0",
        "yerror": "^11.0.0"
      },
      "bin": {
        "metapak": "bin/metapak.js"
      },
      "engines": {
        "node": ">=24.14.0"
      },
      "funding": {
        "type": "individual",
        "url": "https://github.com/sponsors/nfroidure"
      }
    },
    "node_modules/minimatch": {
      "version": "10.2.6",
      "resolved": "https://registry.npmjs.org/minimatch/-/minimatch-10.2.6.tgz",
      "integrity": "sha512-vpLQEs+VLCr1nU0BXS07maYoFwlDAH0gngQuuttxIwutDFEMHq2blX+8vpgxDdK3J1PwjCJiep77OitTZ4Ll1A==",
      "dev": true,
      "license": "BlueOak-1.0.0",
      "dependencies": {
        "brace-expansion": "^5.0.8"
      },
      "engines": {
        "node": "18 || 20 || >=22"
      },
      "funding": {
        "url": "https://github.com/sponsors/isaacs"
      }
    },
    "node_modules/minipass": {
      "version": "7.1.3",
      "resolved": "https://registry.npmjs.org/minipass/-/minipass-7.1.3.tgz",
      "integrity": "sha512-tEBHqDnIoM/1rXME1zgka9g6Q2lcoCkxHLuc7ODJ5BxbP5d4c2Z5cGgtXAku59200Cx7diuHTOYfSBD8n6mm8A==",
      "dev": true,
      "license": "BlueOak-1.0.0",
      "engines": {
        "node": ">=16 || 14 >=14.17"
      }
    },
    "node_modules/mkdirp": {
      "version": "3.0.1",
      "resolved": "https://registry.npmjs.org/mkdirp/-/mkdirp-3.0.1.tgz",
      "integrity": "sha512-+NsyUUAZDmo6YVHzL/stxSu3t9YS1iljliy3BSDrXJ/dkn1KYdmtZODGGjLcc9XLgVVpH4KshHB8XmZgMhaBXg==",
      "dev": true,
      "license": "MIT",
      "bin": {
        "mkdirp": "dist/cjs/src/bin.js"
      },
      "engines": {
        "node": ">=10"
      },
      "funding": {
        "url": "https://github.com/sponsors/isaacs"
      }
    },
    "node_modules/ms": {
      "version": "2.1.3",
      "resolved": "https://registry.npmjs.org/ms/-/ms-2.1.3.tgz",
      "integrity": "sha512-6FlzubTLZG3J2a/NVCAleEhjzq5oxgHyaCU9yYXvcLsvoVaHJq/s5xXI6/XXP6tz7R9xAOtHnSO/tXtF3WRTlA==",
      "dev": true,
      "license": "MIT"
    },
    "node_modules/npm-normalize-package-bin": {
      "version": "6.0.0",
      "resolved": "https://registry.npmjs.org/npm-normalize-package-bin/-/npm-normalize-package-bin-6.0.0.tgz",
      "integrity": "sha512-tdt4aFn9QamlhdN3HV2D2ccpBwO5/fyjjbXUxYA6uBjyekMZcZvDq0aSj9t5Jo+tih6AYFnt/cuIRn9013e0Uw==",
      "dev": true,
      "license": "ISC",
      "engines": {
        "node": "^22.22.2 || ^24.15.0 || >=26.0.0"
      }
    },
    "node_modules/package-directory": {
      "version": "8.2.0",
      "resolved": "https://registry.npmjs.org/package-directory/-/package-directory-8.2.0.tgz",
      "integrity": "sha512-qJSu5Mo6tHmRxCy2KCYYKYgcfBdUpy9dwReaZD/xwf608AUk/MoRtIOWzgDtUeGeC7n/55yC3MI1Q+MbSoektw==",
      "dev": true,
      "license": "MIT",
      "dependencies": {
        "find-up-simple": "^1.0.0"
      },
      "engines": {
        "node": ">=18"
      },
      "funding": {
        "url": "https://github.com/sponsors/sindresorhus"
      }
    },
    "node_modules/path-scurry": {
      "version": "2.0.2",
      "resolved": "https://registry.npmjs.org/path-scurry/-/path-scurry-2.0.2.tgz",
      "integrity": "sha512-3O/iVVsJAPsOnpwWIeD+d6z/7PmqApyQePUtCndjatj/9I5LylHvt5qluFaBT3I5h3r1ejfR056c+FCv+NnNXg==",
      "dev": true,
      "license": "BlueOak-1.0.0",
      "dependencies": {
        "lru-cache": "^11.0.0",
        "minipass": "^7.1.2"
      },
      "engines": {
        "node": "18 || 20 || >=22"
      },
      "funding": {
        "url": "https://github.com/sponsors/isaacs"
      }
    },
    "node_modules/proc-log": {
      "version": "7.0.0",
      "resolved": "https://registry.npmjs.org/proc-log/-/proc-log-7.0.0.tgz",
      "integrity": "sha512-FYgfaA69XZ93zaXLoMNQ+ViDXGGBgR8aLh03txzcFhV+9xOXx7+8DLCULrKKpR9+GsH9ZfHm82aSUPpozX0Ztg==",
      "dev": true,
      "license": "ISC",
      "engines": {
        "node": "^22.22.2 || ^24.15.0 || >=26.0.0"
      }
    },
    "node_modules/read-cmd-shim": {
      "version": "7.0.1",
      "resolved": "https://registry.npmjs.org/read-cmd-shim/-/read-cmd-shim-7.0.1.tgz",
      "integrity": "sha512-GhAsW4iJS0xNqv8P6HocT3gb5HCKHtEBKLIN7fE2oWr27jGIEihu48lXyGGeexkbiLv1XAbwyXvgjYMfT81kZA==",
      "dev": true,
      "license": "ISC",
      "engines": {
        "node": "^22.22.2 || ^24.15.0 || >=26.0.0"
      }
    },
    "node_modules/semver": {
      "version": "7.8.5",
      "resolved": "https://registry.npmjs.org/semver/-/semver-7.8.5.tgz",
      "integrity": "sha512-Y7/KDsb8LjooZpwaqGyulO6DQlksgCncchHGk+sZIY4SBvUocMBEFH5Ur1fI4dV+Jvl0w6cjvucaIi40puRioA==",
      "dev": true,
      "license": "ISC",
      "bin": {
        "semver": "bin/semver.js"
      },
      "engines": {
        "node": ">=10"
      }
    },
    "node_modules/signal-exit": {
      "version": "4.1.0",
      "resolved": "https://registry.npmjs.org/signal-exit/-/signal-exit-4.1.0.tgz",
      "integrity": "sha512-bzyZ1e88w9O1iNJbKnOlvYTrWPDl46O1bG0D3XInv+9tkPrxrN8jUUTiFlDkkmKWgn1M6CfIA13SuGqOa9Korw==",
      "dev": true,
      "license": "ISC",
      "engines": {
        "node": ">=14"
      },
      "funding": {
        "url": "https://github.com/sponsors/isaacs"
      }
    },
    "node_modules/sort-keys": {
      "version": "6.0.1",
      "resolved": "https://registry.npmjs.org/sort-keys/-/sort-keys-6.0.1.tgz",
      "integrity": "sha512-w7xWRu8U9MneKNna8ptG194jp9PLtbd/Rl6gwrmbK4yUeKbE66a64rHgl0iKTBBDr/hpanx7zMGP1Qo8MRkc/w==",
      "dev": true,
      "license": "MIT",
      "dependencies": {
        "is-plain-obj": "^4.1.0"
      },
      "engines": {
        "node": ">=20"
      },
      "funding": {
        "url": "https://github.com/sponsors/sindresorhus"
      }
    },
    "node_modules/tagged-tag": {
      "version": "1.0.0",
      "resolved": "https://registry.npmjs.org/tagged-tag/-/tagged-tag-1.0.0.tgz",
      "integrity": "sha512-yEFYrVhod+hdNyx7g5Bnkkb0G6si8HJurOoOEgC8B/O0uXLHlaey/65KRv6cuWBNhBgHKAROVpc7QyYqE5gFng==",
      "dev": true,
      "license": "MIT",
      "engines": {
        "node": ">=20"
      },
      "funding": {
        "url": "https://github.com/sponsors/sindresorhus"
      }
    },
    "node_modules/type-fest": {
      "version": "5.10.0",
      "resolved": "https://registry.npmjs.org/type-fest/-/type-fest-5.10.0.tgz",
      "integrity": "sha512-NoSdpq/WEiAg5sjmBkmV/hfxv6HJH4NqPNrqjtSO5CwRmpsDfaf4begxW34KdJykH/l1yHtwBWQkCRdoXO8mPA==",
      "dev": true,
      "license": "(MIT OR CC0-1.0)",
      "dependencies": {
        "tagged-tag": "^1.0.0"
      },
      "engines": {
        "node": ">=20"
      },
      "funding": {
        "url": "https://github.com/sponsors/sindresorhus"
      }
    },
    "node_modules/write-file-atomic": {
      "version": "8.0.0",
      "resolved": "https://registry.npmjs.org/write-file-atomic/-/write-file-atomic-8.0.0.tgz",
      "integrity": "sha512-dYwyZredl67GyLLIHJnRM3h2PcOmN5SkcgC7eM5DPDEOEl6dLFqVrMg3F1Ea32usj4VSVZtd2H4MtKTNOf6nPg==",
      "dev": true,
      "license": "ISC",
      "dependencies": {
        "signal-exit": "^4.0.1"
      },
      "engines": {
        "node": "^22.22.2 || ^24.15.0 || >=26.0.0"
      }
    },
    "node_modules/yerror": {
      "version": "11.0.0",
      "resolved": "https://registry.npmjs.org/yerror/-/yerror-11.0.0.tgz",
      "integrity": "sha512-ZarH0yAHBjfiRJMC2eL8Fhv/l5GqnS2c1wo5V6vH7k4ehfHcKd6R1ahcyBZYORMH1cqPmOT1dANkoRjR2/pzrw==",
      "dev": true,
      "license": "MIT",
      "engines": {
        "node": ">=24.14.0"
      },
      "funding": {
        "type": "individual",
        "url": "https://github.com/sponsors/nfroidure"
      }
    },
    "packages/response-style-direct": {
      "name": "@package/response-style-direct",
      "version": "1.3.0"
    },
    "packages/rules-code": {
      "name": "@package/rules-code",
      "version": "1.3.0"
    },
    "packages/rules-git": {
      "name": "@package/rules-git",
      "version": "1.3.0"
    },
    "packages/skills-monorepo": {
      "name": "@package/skills-monorepo",
      "version": "1.3.0"
    },
    "packages/skills-roku": {
      "name": "@package/skills-roku",
      "version": "1.3.0"
    },
    "utils/version": {
      "name": "@util/version",
      "version": "1.0.0",
      "bin": {
        "sync-version": "src/bump.js"
      }
    }
  }
}
