{
  "name": "@px-petals/org.agents",
  "version": "1.1.1",
  "lockfileVersion": 3,
  "requires": true,
  "packages": {
    "": {
      "name": "@px-petals/org.agents",
      "version": "1.1.1",
      "workspaces": [
        "packages/*",
        "utils/*"
      ]
    },
    "node_modules/@package/response-style-direct": {
      "resolved": "packages/response-style-direct",
      "link": true
    },
    "node_modules/@package/rules-code": {
      "resolved": "packages/rules-code",
      "link": true
    },
    "node_modules/@package/rules-git": {
      "resolved": "packages/rules-git",
      "link": true
    },
    "node_modules/@package/skills-monorepo": {
      "resolved": "packages/skills-monorepo",
      "link": true
    },
    "node_modules/@util/version": {
      "resolved": "utils/version",
      "link": true
    },
    "packages/response-style-direct": {
      "name": "@package/response-style-direct",
      "version": "1.1.0"
    },
    "packages/rules-code": {
      "name": "@package/rules-code",
      "version": "1.1.0"
    },
    "packages/rules-git": {
      "name": "@package/rules-git",
      "version": "1.1.0"
    },
    "packages/skills-monorepo": {
      "name": "@package/skills-monorepo",
      "version": "1.1.0"
    },
    "utils/version": {
      "name": "@util/version",
      "version": "1.0.0",
      "bin": {
        "sync-version": "src/bump.js"
      }
    }
  }
}
